
Microsoft Visual Studio Solution File, Format Version 12.00
# Visual Studio 15
VisualStudioVersion = 15.0.28010.2050
MinimumVisualStudioVersion = 10.0.40219.1
Project("{FAE04EC0-301F-11D3-BF4B-00C04F79EFBC}") = "MyStockScreener", "MyStockScreener\MyStockScreener\MyStockScreener.csproj", "{B2743618-C63E-4BDD-9275-64826E8F0A7E}"
EndProject
Project("{FAE04EC0-301F-11D3-BF4B-00C04F79EFBC}") = "StockScreenerLibrary", "StockScreenerLibrary\StockScreenerLibrary\StockScreenerLibrary.csproj", "{4F76355E-BA76-4B50-ACD9-282046CF98A6}"
EndProject
Global
	GlobalSection(SolutionConfigurationPlatforms) = preSolution
		Debug|Any CPU = Debug|Any CPU
		Release|Any CPU = Release|Any CPU
	EndGlobalSection
	GlobalSection(ProjectConfigurationPlatforms) = postSolution
		{B2743618-C63E-4BDD-9275-64826E8F0A7E}.Debug|Any CPU.ActiveCfg = Debug|Any CPU
		{B2743618-C63E-4BDD-9275-64826E8F0A7E}.Debug|Any CPU.Build.0 = Debug|Any CPU
		{B2743618-C63E-4BDD-9275-64826E8F0A7E}.Release|Any CPU.ActiveCfg = Release|Any CPU
		{B2743618-C63E-4BDD-9275-64826E8F0A7E}.Release|Any CPU.Build.0 = Release|Any CPU
		{4F76355E-BA76-4B50-ACD9-282046CF98A6}.Debug|Any CPU.ActiveCfg = Debug|Any CPU
		{4F76355E-BA76-4B50-ACD9-282046CF98A6}.Debug|Any CPU.Build.0 = Debug|Any CPU
		{4F76355E-BA76-4B50-ACD9-282046CF98A6}.Release|Any CPU.ActiveCfg = Release|Any CPU
		{4F76355E-BA76-4B50-ACD9-282046CF98A6}.Release|Any CPU.Build.0 = Release|Any CPU
	EndGlobalSection
	GlobalSection(SolutionProperties) = preSolution
		HideSolutionNode = FALSE
	EndGlobalSection
	GlobalSection(ExtensibilityGlobals) = postSolution
		SolutionGuid = {D549FCC5-F621-4A95-AE45-85B8302BAA80}
	EndGlobalSection
EndGlobal
